
Microsoft Visual Studio Solution File, Format Version 12.00
# Visual Studio Version 16
VisualStudioVersion = 16.0.29806.167
MinimumVisualStudioVersion = 10.0.40219.1
Project("{FAE04EC0-301F-11D3-BF4B-00C04F79EFBC}") = "S.ProjectDemo", "S.ProjectDemo.csproj", "{5082A015-F5F3-4EF5-AC2F-DB33796B5F6F}"
EndProject
Project("{FAE04EC0-301F-11D3-BF4B-00C04F79EFBC}") = "S.Service", "..\S.Service\S.Service.csproj", "{3E7DADA3-6CFA-4C68-B4EA-2E246FB203B2}"
EndProject
Project("{FAE04EC0-301F-11D3-BF4B-00C04F79EFBC}") = "S.IService", "..\S.IService\S.IService.csproj", "{D963A428-86FB-4B7A-8900-C3C491233007}"
EndProject
Project("{FAE04EC0-301F-11D3-BF4B-00C04F79EFBC}") = "S.Core", "..\S.Core\S.Core.csproj", "{39FC0CF8-8A2F-4E78-85D2-727528B85B6C}"
EndProject
Project("{FAE04EC0-301F-11D3-BF4B-00C04F79EFBC}") = "S.Data", "..\S.Data\S.Data.csproj", "{3E1E5422-0DDA-4270-B6E0-AFA066B1A1FC}"
EndProject
Global
	GlobalSection(SolutionConfigurationPlatforms) = preSolution
		Debug|Any CPU = Debug|Any CPU
		Release|Any CPU = Release|Any CPU
	EndGlobalSection
	GlobalSection(ProjectConfigurationPlatforms) = postSolution
		{5082A015-F5F3-4EF5-AC2F-DB33796B5F6F}.Debug|Any CPU.ActiveCfg = Debug|Any CPU
		{5082A015-F5F3-4EF5-AC2F-DB33796B5F6F}.Debug|Any CPU.Build.0 = Debug|Any CPU
		{5082A015-F5F3-4EF5-AC2F-DB33796B5F6F}.Release|Any CPU.ActiveCfg = Release|Any CPU
		{5082A015-F5F3-4EF5-AC2F-DB33796B5F6F}.Release|Any CPU.Build.0 = Release|Any CPU
		{3E7DADA3-6CFA-4C68-B4EA-2E246FB203B2}.Debug|Any CPU.ActiveCfg = Debug|Any CPU
		{3E7DADA3-6CFA-4C68-B4EA-2E246FB203B2}.Debug|Any CPU.Build.0 = Debug|Any CPU
		{3E7DADA3-6CFA-4C68-B4EA-2E246FB203B2}.Release|Any CPU.ActiveCfg = Release|Any CPU
		{3E7DADA3-6CFA-4C68-B4EA-2E246FB203B2}.Release|Any CPU.Build.0 = Release|Any CPU
		{D963A428-86FB-4B7A-8900-C3C491233007}.Debug|Any CPU.ActiveCfg = Debug|Any CPU
		{D963A428-86FB-4B7A-8900-C3C491233007}.Debug|Any CPU.Build.0 = Debug|Any CPU
		{D963A428-86FB-4B7A-8900-C3C491233007}.Release|Any CPU.ActiveCfg = Release|Any CPU
		{D963A428-86FB-4B7A-8900-C3C491233007}.Release|Any CPU.Build.0 = Release|Any CPU
		{39FC0CF8-8A2F-4E78-85D2-727528B85B6C}.Debug|Any CPU.ActiveCfg = Debug|Any CPU
		{39FC0CF8-8A2F-4E78-85D2-727528B85B6C}.Debug|Any CPU.Build.0 = Debug|Any CPU
		{39FC0CF8-8A2F-4E78-85D2-727528B85B6C}.Release|Any CPU.ActiveCfg = Release|Any CPU
		{39FC0CF8-8A2F-4E78-85D2-727528B85B6C}.Release|Any CPU.Build.0 = Release|Any CPU
		{3E1E5422-0DDA-4270-B6E0-AFA066B1A1FC}.Debug|Any CPU.ActiveCfg = Debug|Any CPU
		{3E1E5422-0DDA-4270-B6E0-AFA066B1A1FC}.Debug|Any CPU.Build.0 = Debug|Any CPU
		{3E1E5422-0DDA-4270-B6E0-AFA066B1A1FC}.Release|Any CPU.ActiveCfg = Release|Any CPU
		{3E1E5422-0DDA-4270-B6E0-AFA066B1A1FC}.Release|Any CPU.Build.0 = Release|Any CPU
	EndGlobalSection
	GlobalSection(SolutionProperties) = preSolution
		HideSolutionNode = FALSE
	EndGlobalSection
	GlobalSection(ExtensibilityGlobals) = postSolution
		SolutionGuid = {F0D54678-64A6-4897-989B-B4F47AF14A6F}
	EndGlobalSection
EndGlobal
